{
  "name": "exmps",
  "lockfileVersion": 2,
  "requires": true,
  "packages": {
    "": {
      "dependencies": {
        "@cato-script/lexer": "file:../packages/lexer"
      }
    },
    "../packages/lexer": {
      "version": "1.0.0-dev.1"
    },
    "node_modules/@cato-script/lexer": {
      "resolved": "../packages/lexer",
      "link": true
    }
  },
  "dependencies": {
    "@cato-script/lexer": {
      "version": "file:../packages/lexer"
    }
  }
}
