{
  "name": "exmps",
  "lockfileVersion": 2,
  "requires": true,
  "packages": {
    "": {
      "dependencies": {
        "@cato-script/lexer": "file:../packages/lexer",
        "@cato-script/tokenizer": "file:../packages/tokenizer"
      }
    },
    "../packages/lexer": {
      "name": "@cato-script/lexer",
      "version": "1.0.0-dev.1"
    },
    "../packages/tokenizer": {
      "version": "1.0.0-dev.1",
      "dependencies": {
        "@cato-script/lexer": "*"
      }
    },
    "node_modules/@cato-script/lexer": {
      "resolved": "../packages/lexer",
      "link": true
    },
    "node_modules/@cato-script/tokenizer": {
      "resolved": "../packages/tokenizer",
      "link": true
    }
  },
  "dependencies": {
    "@cato-script/lexer": {
      "version": "file:../packages/lexer"
    },
    "@cato-script/tokenizer": {
      "version": "file:../packages/tokenizer",
      "requires": {
        "@cato-script/lexer": "*"
      }
    }
  }
}
